<Solution>
  <Folder Name="/Core/">
    <Project Path="src/Core/ClubSpot.SharedKernel/ClubSpot.SharedKernel.csproj" />
    <Project Path="src/Core/ClubSpot.Domain/ClubSpot.Domain.csproj" />
    <Project Path="src/Core/ClubSpot.Application/ClubSpot.Application.csproj" />
  </Folder>
  <Folder Name="/Infrastructure/">
    <Project Path="src/Infrastructure/ClubSpot.Infrastructure.MercadoPago/ClubSpot.Infrastructure.MercadoPago.csproj" />
    <Project Path="src/Infrastructure/ClubSpot.Infrastructure/ClubSpot.Infrastructure.csproj" />
  </Folder>
  <Folder Name="/Api/">
    <Project Path="src/Api/ClubSpot.Api/ClubSpot.Api.csproj" />
  </Folder>
  <Folder Name="/Jobs/">
    <Project Path="src/Jobs/ClubSpot.JobService/ClubSpot.JobService.csproj" />
  </Folder>
  <Folder Name="/Tests/">
    <Project Path="src/Tests/ClubSpot.UnitTests/ClubSpot.UnitTests.csproj" />
    <Project Path="src/Tests/ClubSpot.IntegrationTests/ClubSpot.IntegrationTests.csproj" />
  </Folder>
</Solution>
